
Microsoft Visual Studio Solution File, Format Version 12.00
# Visual Studio Version 16
VisualStudioVersion = 16.0.29519.181
MinimumVisualStudioVersion = 10.0.40219.1
Project("{FAE04EC0-301F-11D3-BF4B-00C04F79EFBC}") = "Lab1.4", "Lab1.4.csproj", "{6BCFD37E-575E-4AAE-A11C-FDCE43FBF9F1}"
EndProject
Global
	GlobalSection(SolutionConfigurationPlatforms) = preSolution
		Debug|Any CPU = Debug|Any CPU
		Release|Any CPU = Release|Any CPU
	EndGlobalSection
	GlobalSection(ProjectConfigurationPlatforms) = postSolution
		{6BCFD37E-575E-4AAE-A11C-FDCE43FBF9F1}.Debug|Any CPU.ActiveCfg = Debug|Any CPU
		{6BCFD37E-575E-4AAE-A11C-FDCE43FBF9F1}.Debug|Any CPU.Build.0 = Debug|Any CPU
		{6BCFD37E-575E-4AAE-A11C-FDCE43FBF9F1}.Release|Any CPU.ActiveCfg = Release|Any CPU
		{6BCFD37E-575E-4AAE-A11C-FDCE43FBF9F1}.Release|Any CPU.Build.0 = Release|Any CPU
	EndGlobalSection
	GlobalSection(SolutionProperties) = preSolution
		HideSolutionNode = FALSE
	EndGlobalSection
	GlobalSection(ExtensibilityGlobals) = postSolution
		SolutionGuid = {665E75F1-7769-409B-A37D-72F4F1AEDFB9}
	EndGlobalSection
EndGlobal
